
Microsoft Visual Studio Solution File, Format Version 12.00
# Visual Studio Version 16
VisualStudioVersion = 16.0.28803.352
MinimumVisualStudioVersion = 10.0.40219.1
Project("{FAE04EC0-301F-11D3-BF4B-00C04F79EFBC}") = "Wox.Plugin.GraphicalTimer", "Wox.Plugin.GraphicalTimer\Wox.Plugin.GraphicalTimer.csproj", "{636036A2-72C6-4B74-A51A-B731F77C4DE2}"
EndProject
Global
	GlobalSection(SolutionConfigurationPlatforms) = preSolution
		Debug|Any CPU = Debug|Any CPU
		Release|Any CPU = Release|Any CPU
	EndGlobalSection
	GlobalSection(ProjectConfigurationPlatforms) = postSolution
		{636036A2-72C6-4B74-A51A-B731F77C4DE2}.Debug|Any CPU.ActiveCfg = Debug|Any CPU
		{636036A2-72C6-4B74-A51A-B731F77C4DE2}.Debug|Any CPU.Build.0 = Debug|Any CPU
		{636036A2-72C6-4B74-A51A-B731F77C4DE2}.Release|Any CPU.ActiveCfg = Release|Any CPU
		{636036A2-72C6-4B74-A51A-B731F77C4DE2}.Release|Any CPU.Build.0 = Release|Any CPU
	EndGlobalSection
	GlobalSection(SolutionProperties) = preSolution
		HideSolutionNode = FALSE
	EndGlobalSection
	GlobalSection(ExtensibilityGlobals) = postSolution
		SolutionGuid = {718E2DC9-93F4-4F10-9D70-AF5A5516FB09}
	EndGlobalSection
EndGlobal
